
Microsoft Visual Studio Solution File, Format Version 12.00
# Visual Studio Version 17
VisualStudioVersion = 17.3.32922.545
MinimumVisualStudioVersion = 10.0.40219.1
Project("{FAE04EC0-301F-11D3-BF4B-00C04F79EFBC}") = "GeneratedScraper", "GeneratedScraper\GeneratedScraper.csproj", "{DAF22D83-A854-409D-B1DC-D2834FB98329}"
EndProject
Global
	GlobalSection(SolutionConfigurationPlatforms) = preSolution
		Debug|Any CPU = Debug|Any CPU
		Release|Any CPU = Release|Any CPU
	EndGlobalSection
	GlobalSection(ProjectConfigurationPlatforms) = postSolution
		{DAF22D83-A854-409D-B1DC-D2834FB98329}.Debug|Any CPU.ActiveCfg = Debug|Any CPU
		{DAF22D83-A854-409D-B1DC-D2834FB98329}.Debug|Any CPU.Build.0 = Debug|Any CPU
		{DAF22D83-A854-409D-B1DC-D2834FB98329}.Release|Any CPU.ActiveCfg = Release|Any CPU
		{DAF22D83-A854-409D-B1DC-D2834FB98329}.Release|Any CPU.Build.0 = Release|Any CPU
	EndGlobalSection
	GlobalSection(SolutionProperties) = preSolution
		HideSolutionNode = FALSE
	EndGlobalSection
	GlobalSection(ExtensibilityGlobals) = postSolution
		SolutionGuid = {F26E1529-D26F-426B-A8FE-294F22FCC9D5}
	EndGlobalSection
EndGlobal
