
Microsoft Visual Studio Solution File, Format Version 12.00
# Visual Studio Version 17
VisualStudioVersion = 17.3.32922.545
MinimumVisualStudioVersion = 10.0.40219.1
Project("{FAE04EC0-301F-11D3-BF4B-00C04F79EFBC}") = "SeleniumBasicUtilities", "SeleniumBasicUtilities\SeleniumBasicUtilities.csproj", "{24E8AB3A-F1EF-41A5-AD10-B8A14E07ACBF}"
EndProject
Project("{FAE04EC0-301F-11D3-BF4B-00C04F79EFBC}") = "DomainModels", "DomainModels\DomainModels.csproj", "{34AEAF74-492E-4C4C-AB3F-B8895557C646}"
EndProject
Global
	GlobalSection(SolutionConfigurationPlatforms) = preSolution
		Debug|Any CPU = Debug|Any CPU
		Release|Any CPU = Release|Any CPU
	EndGlobalSection
	GlobalSection(ProjectConfigurationPlatforms) = postSolution
		{24E8AB3A-F1EF-41A5-AD10-B8A14E07ACBF}.Debug|Any CPU.ActiveCfg = Debug|Any CPU
		{24E8AB3A-F1EF-41A5-AD10-B8A14E07ACBF}.Debug|Any CPU.Build.0 = Debug|Any CPU
		{24E8AB3A-F1EF-41A5-AD10-B8A14E07ACBF}.Release|Any CPU.ActiveCfg = Release|Any CPU
		{24E8AB3A-F1EF-41A5-AD10-B8A14E07ACBF}.Release|Any CPU.Build.0 = Release|Any CPU
		{34AEAF74-492E-4C4C-AB3F-B8895557C646}.Debug|Any CPU.ActiveCfg = Debug|Any CPU
		{34AEAF74-492E-4C4C-AB3F-B8895557C646}.Debug|Any CPU.Build.0 = Debug|Any CPU
		{34AEAF74-492E-4C4C-AB3F-B8895557C646}.Release|Any CPU.ActiveCfg = Release|Any CPU
		{34AEAF74-492E-4C4C-AB3F-B8895557C646}.Release|Any CPU.Build.0 = Release|Any CPU
	EndGlobalSection
	GlobalSection(SolutionProperties) = preSolution
		HideSolutionNode = FALSE
	EndGlobalSection
	GlobalSection(ExtensibilityGlobals) = postSolution
		SolutionGuid = {16587157-D737-4E51-B23E-F657C487918A}
	EndGlobalSection
EndGlobal
