
Microsoft Visual Studio Solution File, Format Version 12.00
# Visual Studio Version 17
VisualStudioVersion = 17.3.32922.545
MinimumVisualStudioVersion = 10.0.40219.1
Project("{9A19103F-16F7-4668-BE54-9A1E7A4F7556}") = "ScrapeGenerator", "ScrapeGenerator\ScrapeGenerator.csproj", "{ED875675-BE98-4ED1-907A-FAD81B93757B}"
EndProject
Project("{9A19103F-16F7-4668-BE54-9A1E7A4F7556}") = "CodeGenerator", "ScrapeGenerator.CodeGenerator\CodeGenerator.csproj", "{A25F3D59-1B6E-49C1-AB5A-C575636C14D4}"
EndProject
Project("{9A19103F-16F7-4668-BE54-9A1E7A4F7556}") = "Model", "Model\Model.csproj", "{19C13B73-877E-4E99-9326-A4CCA3210A41}"
EndProject
Project("{9A19103F-16F7-4668-BE54-9A1E7A4F7556}") = "Utility", "Utility\Utility.csproj", "{AA40ABFF-5446-40B8-B34D-9CA07AC6F79F}"
EndProject
Global
	GlobalSection(SolutionConfigurationPlatforms) = preSolution
		Debug|Any CPU = Debug|Any CPU
		Release|Any CPU = Release|Any CPU
	EndGlobalSection
	GlobalSection(ProjectConfigurationPlatforms) = postSolution
		{ED875675-BE98-4ED1-907A-FAD81B93757B}.Debug|Any CPU.ActiveCfg = Debug|Any CPU
		{ED875675-BE98-4ED1-907A-FAD81B93757B}.Debug|Any CPU.Build.0 = Debug|Any CPU
		{ED875675-BE98-4ED1-907A-FAD81B93757B}.Release|Any CPU.ActiveCfg = Release|Any CPU
		{ED875675-BE98-4ED1-907A-FAD81B93757B}.Release|Any CPU.Build.0 = Release|Any CPU
		{A25F3D59-1B6E-49C1-AB5A-C575636C14D4}.Debug|Any CPU.ActiveCfg = Debug|Any CPU
		{A25F3D59-1B6E-49C1-AB5A-C575636C14D4}.Debug|Any CPU.Build.0 = Debug|Any CPU
		{A25F3D59-1B6E-49C1-AB5A-C575636C14D4}.Release|Any CPU.ActiveCfg = Release|Any CPU
		{A25F3D59-1B6E-49C1-AB5A-C575636C14D4}.Release|Any CPU.Build.0 = Release|Any CPU
		{19C13B73-877E-4E99-9326-A4CCA3210A41}.Debug|Any CPU.ActiveCfg = Debug|Any CPU
		{19C13B73-877E-4E99-9326-A4CCA3210A41}.Debug|Any CPU.Build.0 = Debug|Any CPU
		{19C13B73-877E-4E99-9326-A4CCA3210A41}.Release|Any CPU.ActiveCfg = Release|Any CPU
		{19C13B73-877E-4E99-9326-A4CCA3210A41}.Release|Any CPU.Build.0 = Release|Any CPU
		{AA40ABFF-5446-40B8-B34D-9CA07AC6F79F}.Debug|Any CPU.ActiveCfg = Debug|Any CPU
		{AA40ABFF-5446-40B8-B34D-9CA07AC6F79F}.Debug|Any CPU.Build.0 = Debug|Any CPU
		{AA40ABFF-5446-40B8-B34D-9CA07AC6F79F}.Release|Any CPU.ActiveCfg = Release|Any CPU
		{AA40ABFF-5446-40B8-B34D-9CA07AC6F79F}.Release|Any CPU.Build.0 = Release|Any CPU
	EndGlobalSection
	GlobalSection(SolutionProperties) = preSolution
		HideSolutionNode = FALSE
	EndGlobalSection
	GlobalSection(ExtensibilityGlobals) = postSolution
		SolutionGuid = {7667A7D1-D165-4272-8B01-7FB4238AFD3C}
	EndGlobalSection
EndGlobal
